
Microsoft Visual Studio Solution File, Format Version 12.00
# Visual Studio 15
VisualStudioVersion = 15.0.28307.1062
MinimumVisualStudioVersion = 10.0.40219.1
Project("{FAE04EC0-301F-11D3-BF4B-00C04F79EFBC}") = "QuanLyKhachSan", "QuanLyKhachSan\QuanLyKhachSan.csproj", "{4C4B385A-33EE-4080-B8A0-12304E4A2533}"
EndProject
Global
	GlobalSection(SolutionConfigurationPlatforms) = preSolution
		Debug|Any CPU = Debug|Any CPU
		Release|Any CPU = Release|Any CPU
	EndGlobalSection
	GlobalSection(ProjectConfigurationPlatforms) = postSolution
		{4C4B385A-33EE-4080-B8A0-12304E4A2533}.Debug|Any CPU.ActiveCfg = Debug|Any CPU
		{4C4B385A-33EE-4080-B8A0-12304E4A2533}.Debug|Any CPU.Build.0 = Debug|Any CPU
		{4C4B385A-33EE-4080-B8A0-12304E4A2533}.Release|Any CPU.ActiveCfg = Release|Any CPU
		{4C4B385A-33EE-4080-B8A0-12304E4A2533}.Release|Any CPU.Build.0 = Release|Any CPU
	EndGlobalSection
	GlobalSection(SolutionProperties) = preSolution
		HideSolutionNode = FALSE
	EndGlobalSection
	GlobalSection(ExtensibilityGlobals) = postSolution
		SolutionGuid = {3000DF46-ABB7-495B-94A7-F7543172EC4B}
	EndGlobalSection
EndGlobal
